
Microsoft Visual Studio Solution File, Format Version 12.00
# Visual Studio 15
VisualStudioVersion = 15.0.28307.102
MinimumVisualStudioVersion = 10.0.40219.1
Project("{FAE04EC0-301F-11D3-BF4B-00C04F79EFBC}") = "Graphing", "Graphing\Graphing.csproj", "{11AE28E9-2CAE-4D8C-8C29-125E5CF7FB79}"
EndProject
Global
	GlobalSection(SolutionConfigurationPlatforms) = preSolution
		Debug|Any CPU = Debug|Any CPU
		Release|Any CPU = Release|Any CPU
	EndGlobalSection
	GlobalSection(ProjectConfigurationPlatforms) = postSolution
		{11AE28E9-2CAE-4D8C-8C29-125E5CF7FB79}.Debug|Any CPU.ActiveCfg = Debug|Any CPU
		{11AE28E9-2CAE-4D8C-8C29-125E5CF7FB79}.Debug|Any CPU.Build.0 = Debug|Any CPU
		{11AE28E9-2CAE-4D8C-8C29-125E5CF7FB79}.Release|Any CPU.ActiveCfg = Release|Any CPU
		{11AE28E9-2CAE-4D8C-8C29-125E5CF7FB79}.Release|Any CPU.Build.0 = Release|Any CPU
	EndGlobalSection
	GlobalSection(SolutionProperties) = preSolution
		HideSolutionNode = FALSE
	EndGlobalSection
	GlobalSection(ExtensibilityGlobals) = postSolution
		SolutionGuid = {C72D0FF9-55CA-444D-A679-9614C0491621}
	EndGlobalSection
EndGlobal
